
Microsoft Visual Studio Solution File, Format Version 12.00
# Visual Studio Version 17
VisualStudioVersion = 17.5.002.0
MinimumVisualStudioVersion = 10.0.40219.1
Project("{9A19103F-16F7-4668-BE54-9A1E7A4F7556}") = "TodoMe.Api", "TodoMe.Api.csproj", "{F51F396A-4B63-43AD-855F-F47F9101BE8C}"
EndProject
Global
	GlobalSection(SolutionConfigurationPlatforms) = preSolution
		Debug|Any CPU = Debug|Any CPU
		Release|Any CPU = Release|Any CPU
	EndGlobalSection
	GlobalSection(ProjectConfigurationPlatforms) = postSolution
		{F51F396A-4B63-43AD-855F-F47F9101BE8C}.Debug|Any CPU.ActiveCfg = Debug|Any CPU
		{F51F396A-4B63-43AD-855F-F47F9101BE8C}.Debug|Any CPU.Build.0 = Debug|Any CPU
		{F51F396A-4B63-43AD-855F-F47F9101BE8C}.Release|Any CPU.ActiveCfg = Release|Any CPU
		{F51F396A-4B63-43AD-855F-F47F9101BE8C}.Release|Any CPU.Build.0 = Release|Any CPU
	EndGlobalSection
	GlobalSection(SolutionProperties) = preSolution
		HideSolutionNode = FALSE
	EndGlobalSection
	GlobalSection(ExtensibilityGlobals) = postSolution
		SolutionGuid = {8E8EF091-1048-4262-961D-DA271199DE56}
	EndGlobalSection
EndGlobal
